<Solution>
  <Folder Name="/Solution Items/">
    <File Path=".gitignore" />
    <File Path="README.md" />
    <File Path="LICENSE" />
  </Folder>
  <Project Path="AutoKeySwitch.App/AutoKeySwitch.App.csproj" Id="fdb33d7e-4924-45b8-9c19-4b69f9d8e20f">
    <Platform Project="x64" />
    <Deploy />
  </Project>
</Solution>
